
Microsoft Visual Studio Solution File, Format Version 12.00
# Visual Studio Version 17
VisualStudioVersion = 17.12.35514.174 d17.12
MinimumVisualStudioVersion = 10.0.40219.1
Project("{FAE04EC0-301F-11D3-BF4B-00C04F79EFBC}") = "ej1", "ej1\ej1.csproj", "{497C72C3-3F11-480D-9CD3-D87378E1AF82}"
EndProject
Project("{FAE04EC0-301F-11D3-BF4B-00C04F79EFBC}") = "ej2", "ej2\ej2.csproj", "{8F67AA67-657B-4C22-B3C2-0A128C95FEE4}"
EndProject
Project("{FAE04EC0-301F-11D3-BF4B-00C04F79EFBC}") = "ej3", "ej3\ej3.csproj", "{249B9C8E-BBD8-41FB-A5CD-4E64BD43D5AD}"
EndProject
Global
	GlobalSection(SolutionConfigurationPlatforms) = preSolution
		Debug|Any CPU = Debug|Any CPU
		Release|Any CPU = Release|Any CPU
	EndGlobalSection
	GlobalSection(ProjectConfigurationPlatforms) = postSolution
		{497C72C3-3F11-480D-9CD3-D87378E1AF82}.Debug|Any CPU.ActiveCfg = Debug|Any CPU
		{497C72C3-3F11-480D-9CD3-D87378E1AF82}.Debug|Any CPU.Build.0 = Debug|Any CPU
		{497C72C3-3F11-480D-9CD3-D87378E1AF82}.Release|Any CPU.ActiveCfg = Release|Any CPU
		{497C72C3-3F11-480D-9CD3-D87378E1AF82}.Release|Any CPU.Build.0 = Release|Any CPU
		{8F67AA67-657B-4C22-B3C2-0A128C95FEE4}.Debug|Any CPU.ActiveCfg = Debug|Any CPU
		{8F67AA67-657B-4C22-B3C2-0A128C95FEE4}.Debug|Any CPU.Build.0 = Debug|Any CPU
		{8F67AA67-657B-4C22-B3C2-0A128C95FEE4}.Release|Any CPU.ActiveCfg = Release|Any CPU
		{8F67AA67-657B-4C22-B3C2-0A128C95FEE4}.Release|Any CPU.Build.0 = Release|Any CPU
		{249B9C8E-BBD8-41FB-A5CD-4E64BD43D5AD}.Debug|Any CPU.ActiveCfg = Debug|Any CPU
		{249B9C8E-BBD8-41FB-A5CD-4E64BD43D5AD}.Debug|Any CPU.Build.0 = Debug|Any CPU
		{249B9C8E-BBD8-41FB-A5CD-4E64BD43D5AD}.Release|Any CPU.ActiveCfg = Release|Any CPU
		{249B9C8E-BBD8-41FB-A5CD-4E64BD43D5AD}.Release|Any CPU.Build.0 = Release|Any CPU
	EndGlobalSection
	GlobalSection(SolutionProperties) = preSolution
		HideSolutionNode = FALSE
	EndGlobalSection
EndGlobal
